
Microsoft Visual Studio Solution File, Format Version 12.00
# Visual Studio 15
VisualStudioVersion = 15.0.26730.12
MinimumVisualStudioVersion = 10.0.40219.1
Project("{FAE04EC0-301F-11D3-BF4B-00C04F79EFBC}") = "swap", "swap\swap.csproj", "{F33A0408-2A46-402E-BDE9-5D28042CBDB0}"
EndProject
Global
	GlobalSection(SolutionConfigurationPlatforms) = preSolution
		Debug|Any CPU = Debug|Any CPU
		Release|Any CPU = Release|Any CPU
	EndGlobalSection
	GlobalSection(ProjectConfigurationPlatforms) = postSolution
		{F33A0408-2A46-402E-BDE9-5D28042CBDB0}.Debug|Any CPU.ActiveCfg = Debug|Any CPU
		{F33A0408-2A46-402E-BDE9-5D28042CBDB0}.Debug|Any CPU.Build.0 = Debug|Any CPU
		{F33A0408-2A46-402E-BDE9-5D28042CBDB0}.Release|Any CPU.ActiveCfg = Release|Any CPU
		{F33A0408-2A46-402E-BDE9-5D28042CBDB0}.Release|Any CPU.Build.0 = Release|Any CPU
	EndGlobalSection
	GlobalSection(SolutionProperties) = preSolution
		HideSolutionNode = FALSE
	EndGlobalSection
	GlobalSection(ExtensibilityGlobals) = postSolution
		SolutionGuid = {3A6DAE24-08B0-4CB5-986B-0EEE0EECE9F1}
	EndGlobalSection
EndGlobal
